
Microsoft Visual Studio Solution File, Format Version 12.00
# Visual Studio Version 17
VisualStudioVersion = 17.7.34221.43
MinimumVisualStudioVersion = 10.0.40219.1
Project("{FAE04EC0-301F-11D3-BF4B-00C04F79EFBC}") = "PieShop", "PieShop\PieShop.csproj", "{17A325F0-FCB2-441F-B05B-FDB57E0758CF}"
EndProject
Global
	GlobalSection(SolutionConfigurationPlatforms) = preSolution
		Debug|Any CPU = Debug|Any CPU
		Release|Any CPU = Release|Any CPU
	EndGlobalSection
	GlobalSection(ProjectConfigurationPlatforms) = postSolution
		{17A325F0-FCB2-441F-B05B-FDB57E0758CF}.Debug|Any CPU.ActiveCfg = Debug|Any CPU
		{17A325F0-FCB2-441F-B05B-FDB57E0758CF}.Debug|Any CPU.Build.0 = Debug|Any CPU
		{17A325F0-FCB2-441F-B05B-FDB57E0758CF}.Release|Any CPU.ActiveCfg = Release|Any CPU
		{17A325F0-FCB2-441F-B05B-FDB57E0758CF}.Release|Any CPU.Build.0 = Release|Any CPU
	EndGlobalSection
	GlobalSection(SolutionProperties) = preSolution
		HideSolutionNode = FALSE
	EndGlobalSection
	GlobalSection(ExtensibilityGlobals) = postSolution
		SolutionGuid = {47153376-E824-4CA0-B037-11AD3B0CCE12}
	EndGlobalSection
EndGlobal
